
Microsoft Visual Studio Solution File, Format Version 12.00
# Visual Studio Version 17
VisualStudioVersion = 17.5.33516.290
MinimumVisualStudioVersion = 10.0.40219.1
Project("{FAE04EC0-301F-11D3-BF4B-00C04F79EFBC}") = "HouseRentingSystem.Web", "HouseRentingSystem.Web\HouseRentingSystem.Web.csproj", "{684E84C4-E670-45D2-9CE6-3456EE765F57}"
EndProject
Project("{FAE04EC0-301F-11D3-BF4B-00C04F79EFBC}") = "HouseRentingSystem.Common", "HouseRentingSystem.Common\HouseRentingSystem.Common.csproj", "{B8A1A5DF-C891-4D20-B95B-5794AB9DAC84}"
EndProject
Project("{FAE04EC0-301F-11D3-BF4B-00C04F79EFBC}") = "HouseRentingSystem.Data", "HouseRentingSystem.Data\HouseRentingSystem.Data.csproj", "{D9CF463C-C642-4743-B6C7-D18D92D3D324}"
EndProject
Project("{2150E333-8FDC-42A3-9474-1A3956D46DE8}") = "Web", "Web", "{5E55E6B6-EF10-45C7-8CA6-3A9B135CBBBC}"
EndProject
Project("{2150E333-8FDC-42A3-9474-1A3956D46DE8}") = "Data", "Data", "{03F29CA6-796E-440F-A31A-B2E4829EC743}"
EndProject
Project("{FAE04EC0-301F-11D3-BF4B-00C04F79EFBC}") = "HouseRentingSystem.Data.Models", "HouseRentingSystem.Data.Models\HouseRentingSystem.Data.Models.csproj", "{D1677492-F336-48CA-BC5A-CF41856E485F}"
EndProject
Project("{FAE04EC0-301F-11D3-BF4B-00C04F79EFBC}") = "HouseRentingSystem.Web.ViewModels", "HouseRentingSystem.Web.ViewModels\HouseRentingSystem.Web.ViewModels.csproj", "{4880BA3E-75E8-40DD-94EB-55FA2855BE17}"
EndProject
Global
	GlobalSection(SolutionConfigurationPlatforms) = preSolution
		Debug|Any CPU = Debug|Any CPU
		Release|Any CPU = Release|Any CPU
	EndGlobalSection
	GlobalSection(ProjectConfigurationPlatforms) = postSolution
		{684E84C4-E670-45D2-9CE6-3456EE765F57}.Debug|Any CPU.ActiveCfg = Debug|Any CPU
		{684E84C4-E670-45D2-9CE6-3456EE765F57}.Debug|Any CPU.Build.0 = Debug|Any CPU
		{684E84C4-E670-45D2-9CE6-3456EE765F57}.Release|Any CPU.ActiveCfg = Release|Any CPU
		{684E84C4-E670-45D2-9CE6-3456EE765F57}.Release|Any CPU.Build.0 = Release|Any CPU
		{B8A1A5DF-C891-4D20-B95B-5794AB9DAC84}.Debug|Any CPU.ActiveCfg = Debug|Any CPU
		{B8A1A5DF-C891-4D20-B95B-5794AB9DAC84}.Debug|Any CPU.Build.0 = Debug|Any CPU
		{B8A1A5DF-C891-4D20-B95B-5794AB9DAC84}.Release|Any CPU.ActiveCfg = Release|Any CPU
		{B8A1A5DF-C891-4D20-B95B-5794AB9DAC84}.Release|Any CPU.Build.0 = Release|Any CPU
		{D9CF463C-C642-4743-B6C7-D18D92D3D324}.Debug|Any CPU.ActiveCfg = Debug|Any CPU
		{D9CF463C-C642-4743-B6C7-D18D92D3D324}.Debug|Any CPU.Build.0 = Debug|Any CPU
		{D9CF463C-C642-4743-B6C7-D18D92D3D324}.Release|Any CPU.ActiveCfg = Release|Any CPU
		{D9CF463C-C642-4743-B6C7-D18D92D3D324}.Release|Any CPU.Build.0 = Release|Any CPU
		{D1677492-F336-48CA-BC5A-CF41856E485F}.Debug|Any CPU.ActiveCfg = Debug|Any CPU
		{D1677492-F336-48CA-BC5A-CF41856E485F}.Debug|Any CPU.Build.0 = Debug|Any CPU
		{D1677492-F336-48CA-BC5A-CF41856E485F}.Release|Any CPU.ActiveCfg = Release|Any CPU
		{D1677492-F336-48CA-BC5A-CF41856E485F}.Release|Any CPU.Build.0 = Release|Any CPU
		{4880BA3E-75E8-40DD-94EB-55FA2855BE17}.Debug|Any CPU.ActiveCfg = Debug|Any CPU
		{4880BA3E-75E8-40DD-94EB-55FA2855BE17}.Debug|Any CPU.Build.0 = Debug|Any CPU
		{4880BA3E-75E8-40DD-94EB-55FA2855BE17}.Release|Any CPU.ActiveCfg = Release|Any CPU
		{4880BA3E-75E8-40DD-94EB-55FA2855BE17}.Release|Any CPU.Build.0 = Release|Any CPU
	EndGlobalSection
	GlobalSection(SolutionProperties) = preSolution
		HideSolutionNode = FALSE
	EndGlobalSection
	GlobalSection(NestedProjects) = preSolution
		{684E84C4-E670-45D2-9CE6-3456EE765F57} = {5E55E6B6-EF10-45C7-8CA6-3A9B135CBBBC}
		{D9CF463C-C642-4743-B6C7-D18D92D3D324} = {03F29CA6-796E-440F-A31A-B2E4829EC743}
		{D1677492-F336-48CA-BC5A-CF41856E485F} = {03F29CA6-796E-440F-A31A-B2E4829EC743}
		{4880BA3E-75E8-40DD-94EB-55FA2855BE17} = {5E55E6B6-EF10-45C7-8CA6-3A9B135CBBBC}
	EndGlobalSection
	GlobalSection(ExtensibilityGlobals) = postSolution
		SolutionGuid = {A0AD21A9-F216-4B84-8473-9DC9E924FC49}
	EndGlobalSection
EndGlobal
